
Microsoft Visual Studio Solution File, Format Version 12.00
# Visual Studio Version 17
VisualStudioVersion = 17.1.31903.286
MinimumVisualStudioVersion = 10.0.40219.1
Project("{FAE04EC0-301F-11D3-BF4B-00C04F79EFBC}") = "S10219524_MyShapeApp", "S10219524_MyShapeApp\S10219524_MyShapeApp.csproj", "{5B249C37-4529-41B4-A76D-68CF1AC5A788}"
EndProject
Global
	GlobalSection(SolutionConfigurationPlatforms) = preSolution
		Debug|Any CPU = Debug|Any CPU
		Release|Any CPU = Release|Any CPU
	EndGlobalSection
	GlobalSection(ProjectConfigurationPlatforms) = postSolution
		{5B249C37-4529-41B4-A76D-68CF1AC5A788}.Debug|Any CPU.ActiveCfg = Debug|Any CPU
		{5B249C37-4529-41B4-A76D-68CF1AC5A788}.Debug|Any CPU.Build.0 = Debug|Any CPU
		{5B249C37-4529-41B4-A76D-68CF1AC5A788}.Release|Any CPU.ActiveCfg = Release|Any CPU
		{5B249C37-4529-41B4-A76D-68CF1AC5A788}.Release|Any CPU.Build.0 = Release|Any CPU
	EndGlobalSection
	GlobalSection(SolutionProperties) = preSolution
		HideSolutionNode = FALSE
	EndGlobalSection
	GlobalSection(ExtensibilityGlobals) = postSolution
		SolutionGuid = {30F9826D-1985-4FF2-BEC4-3D70ADE9D4C0}
	EndGlobalSection
EndGlobal
