
Microsoft Visual Studio Solution File, Format Version 12.00
# Visual Studio Version 17
VisualStudioVersion = 17.1.31903.286
MinimumVisualStudioVersion = 10.0.40219.1
Project("{FAE04EC0-301F-11D3-BF4B-00C04F79EFBC}") = "S10219524_ShapeApp", "S10219524_ShapeApp\S10219524_ShapeApp.csproj", "{6B62BD61-5EF2-4F14-A3F5-8F5B8F7D4E04}"
EndProject
Global
	GlobalSection(SolutionConfigurationPlatforms) = preSolution
		Debug|Any CPU = Debug|Any CPU
		Release|Any CPU = Release|Any CPU
	EndGlobalSection
	GlobalSection(ProjectConfigurationPlatforms) = postSolution
		{6B62BD61-5EF2-4F14-A3F5-8F5B8F7D4E04}.Debug|Any CPU.ActiveCfg = Debug|Any CPU
		{6B62BD61-5EF2-4F14-A3F5-8F5B8F7D4E04}.Debug|Any CPU.Build.0 = Debug|Any CPU
		{6B62BD61-5EF2-4F14-A3F5-8F5B8F7D4E04}.Release|Any CPU.ActiveCfg = Release|Any CPU
		{6B62BD61-5EF2-4F14-A3F5-8F5B8F7D4E04}.Release|Any CPU.Build.0 = Release|Any CPU
	EndGlobalSection
	GlobalSection(SolutionProperties) = preSolution
		HideSolutionNode = FALSE
	EndGlobalSection
	GlobalSection(ExtensibilityGlobals) = postSolution
		SolutionGuid = {47839D45-BF88-4E30-B707-802A776346D6}
	EndGlobalSection
EndGlobal
