
Microsoft Visual Studio Solution File, Format Version 12.00
# Visual Studio Version 16
VisualStudioVersion = 16.0.31729.503
MinimumVisualStudioVersion = 10.0.40219.1
Project("{9A19103F-16F7-4668-BE54-9A1E7A4F7556}") = "S10219524_Question01", "S10219524_Question01.csproj", "{3444BCBA-9148-4306-B0E4-B0441B858D64}"
EndProject
Global
	GlobalSection(SolutionConfigurationPlatforms) = preSolution
		Debug|Any CPU = Debug|Any CPU
		Release|Any CPU = Release|Any CPU
	EndGlobalSection
	GlobalSection(ProjectConfigurationPlatforms) = postSolution
		{3444BCBA-9148-4306-B0E4-B0441B858D64}.Debug|Any CPU.ActiveCfg = Debug|Any CPU
		{3444BCBA-9148-4306-B0E4-B0441B858D64}.Debug|Any CPU.Build.0 = Debug|Any CPU
		{3444BCBA-9148-4306-B0E4-B0441B858D64}.Release|Any CPU.ActiveCfg = Release|Any CPU
		{3444BCBA-9148-4306-B0E4-B0441B858D64}.Release|Any CPU.Build.0 = Release|Any CPU
	EndGlobalSection
	GlobalSection(SolutionProperties) = preSolution
		HideSolutionNode = FALSE
	EndGlobalSection
	GlobalSection(ExtensibilityGlobals) = postSolution
		SolutionGuid = {527E38E0-7848-4407-B434-7541F543CED9}
	EndGlobalSection
EndGlobal
