
Microsoft Visual Studio Solution File, Format Version 12.00
# Visual Studio Version 16
VisualStudioVersion = 16.0.31729.503
MinimumVisualStudioVersion = 10.0.40219.1
Project("{FAE04EC0-301F-11D3-BF4B-00C04F79EFBC}") = "S10219524_Question03", "S10219524_Question03.csproj", "{D405EF98-9E23-4CB7-8C1C-64D0DA5033F4}"
EndProject
Global
	GlobalSection(SolutionConfigurationPlatforms) = preSolution
		Debug|Any CPU = Debug|Any CPU
		Release|Any CPU = Release|Any CPU
	EndGlobalSection
	GlobalSection(ProjectConfigurationPlatforms) = postSolution
		{D405EF98-9E23-4CB7-8C1C-64D0DA5033F4}.Debug|Any CPU.ActiveCfg = Debug|Any CPU
		{D405EF98-9E23-4CB7-8C1C-64D0DA5033F4}.Debug|Any CPU.Build.0 = Debug|Any CPU
		{D405EF98-9E23-4CB7-8C1C-64D0DA5033F4}.Release|Any CPU.ActiveCfg = Release|Any CPU
		{D405EF98-9E23-4CB7-8C1C-64D0DA5033F4}.Release|Any CPU.Build.0 = Release|Any CPU
	EndGlobalSection
	GlobalSection(SolutionProperties) = preSolution
		HideSolutionNode = FALSE
	EndGlobalSection
	GlobalSection(ExtensibilityGlobals) = postSolution
		SolutionGuid = {95D9CF11-7BFB-4CCB-8D89-ED6DDF18BD15}
	EndGlobalSection
EndGlobal
