
Microsoft Visual Studio Solution File, Format Version 12.00
# Visual Studio Version 17
VisualStudioVersion = 17.1.31911.260
MinimumVisualStudioVersion = 10.0.40219.1
Project("{FAE04EC0-301F-11D3-BF4B-00C04F79EFBC}") = "S10219524_EmployeeApp", "S10219524_EmployeeApp\S10219524_EmployeeApp.csproj", "{853EBC28-687E-41F6-9468-F70E91F42664}"
EndProject
Global
	GlobalSection(SolutionConfigurationPlatforms) = preSolution
		Debug|Any CPU = Debug|Any CPU
		Release|Any CPU = Release|Any CPU
	EndGlobalSection
	GlobalSection(ProjectConfigurationPlatforms) = postSolution
		{853EBC28-687E-41F6-9468-F70E91F42664}.Debug|Any CPU.ActiveCfg = Debug|Any CPU
		{853EBC28-687E-41F6-9468-F70E91F42664}.Debug|Any CPU.Build.0 = Debug|Any CPU
		{853EBC28-687E-41F6-9468-F70E91F42664}.Release|Any CPU.ActiveCfg = Release|Any CPU
		{853EBC28-687E-41F6-9468-F70E91F42664}.Release|Any CPU.Build.0 = Release|Any CPU
	EndGlobalSection
	GlobalSection(SolutionProperties) = preSolution
		HideSolutionNode = FALSE
	EndGlobalSection
	GlobalSection(ExtensibilityGlobals) = postSolution
		SolutionGuid = {E55C8F0E-0EA0-4C6A-8A55-202DA06A6D25}
	EndGlobalSection
EndGlobal
