
Microsoft Visual Studio Solution File, Format Version 12.00
# Visual Studio Version 17
VisualStudioVersion = 17.1.31911.260
MinimumVisualStudioVersion = 10.0.40219.1
Project("{FAE04EC0-301F-11D3-BF4B-00C04F79EFBC}") = "CT", "CT\CT.csproj", "{5C1A8B4E-DEFB-4F3B-97DF-A2C55401663F}"
EndProject
Global
	GlobalSection(SolutionConfigurationPlatforms) = preSolution
		Debug|Any CPU = Debug|Any CPU
		Release|Any CPU = Release|Any CPU
	EndGlobalSection
	GlobalSection(ProjectConfigurationPlatforms) = postSolution
		{5C1A8B4E-DEFB-4F3B-97DF-A2C55401663F}.Debug|Any CPU.ActiveCfg = Debug|Any CPU
		{5C1A8B4E-DEFB-4F3B-97DF-A2C55401663F}.Debug|Any CPU.Build.0 = Debug|Any CPU
		{5C1A8B4E-DEFB-4F3B-97DF-A2C55401663F}.Release|Any CPU.ActiveCfg = Release|Any CPU
		{5C1A8B4E-DEFB-4F3B-97DF-A2C55401663F}.Release|Any CPU.Build.0 = Release|Any CPU
	EndGlobalSection
	GlobalSection(SolutionProperties) = preSolution
		HideSolutionNode = FALSE
	EndGlobalSection
	GlobalSection(ExtensibilityGlobals) = postSolution
		SolutionGuid = {C2BFF3D2-E047-4C9D-95CE-79D79ADEF4EF}
	EndGlobalSection
EndGlobal
