
Microsoft Visual Studio Solution File, Format Version 12.00
# Visual Studio Version 17
VisualStudioVersion = 17.1.32104.313
MinimumVisualStudioVersion = 10.0.40219.1
Project("{FAE04EC0-301F-11D3-BF4B-00C04F79EFBC}") = "S10219524_Question04", "S10219524_Question04\S10219524_Question04.csproj", "{3704EBE7-AAB4-4FC4-BCC5-DEB1AC5C07DB}"
EndProject
Global
	GlobalSection(SolutionConfigurationPlatforms) = preSolution
		Debug|Any CPU = Debug|Any CPU
		Release|Any CPU = Release|Any CPU
	EndGlobalSection
	GlobalSection(ProjectConfigurationPlatforms) = postSolution
		{3704EBE7-AAB4-4FC4-BCC5-DEB1AC5C07DB}.Debug|Any CPU.ActiveCfg = Debug|Any CPU
		{3704EBE7-AAB4-4FC4-BCC5-DEB1AC5C07DB}.Debug|Any CPU.Build.0 = Debug|Any CPU
		{3704EBE7-AAB4-4FC4-BCC5-DEB1AC5C07DB}.Release|Any CPU.ActiveCfg = Release|Any CPU
		{3704EBE7-AAB4-4FC4-BCC5-DEB1AC5C07DB}.Release|Any CPU.Build.0 = Release|Any CPU
	EndGlobalSection
	GlobalSection(SolutionProperties) = preSolution
		HideSolutionNode = FALSE
	EndGlobalSection
	GlobalSection(ExtensibilityGlobals) = postSolution
		SolutionGuid = {4A612BF2-4B5D-4757-AB85-882E0AFA55D2}
	EndGlobalSection
EndGlobal
